
Microsoft Visual Studio Solution File, Format Version 12.00
# Visual Studio Version 16
VisualStudioVersion = 16.0.31112.23
MinimumVisualStudioVersion = 10.0.40219.1
Project("{FAE04EC0-301F-11D3-BF4B-00C04F79EFBC}") = "WinFormsCrawling", "WinFormsCrawling\WinFormsCrawling.csproj", "{C93DBD98-7C6D-426F-A4BD-1CB4D6998305}"
EndProject
Global
	GlobalSection(SolutionConfigurationPlatforms) = preSolution
		Debug|Any CPU = Debug|Any CPU
		Release|Any CPU = Release|Any CPU
	EndGlobalSection
	GlobalSection(ProjectConfigurationPlatforms) = postSolution
		{C93DBD98-7C6D-426F-A4BD-1CB4D6998305}.Debug|Any CPU.ActiveCfg = Debug|Any CPU
		{C93DBD98-7C6D-426F-A4BD-1CB4D6998305}.Debug|Any CPU.Build.0 = Debug|Any CPU
		{C93DBD98-7C6D-426F-A4BD-1CB4D6998305}.Release|Any CPU.ActiveCfg = Release|Any CPU
		{C93DBD98-7C6D-426F-A4BD-1CB4D6998305}.Release|Any CPU.Build.0 = Release|Any CPU
	EndGlobalSection
	GlobalSection(SolutionProperties) = preSolution
		HideSolutionNode = FALSE
	EndGlobalSection
	GlobalSection(ExtensibilityGlobals) = postSolution
		SolutionGuid = {F29BA9A0-CB8A-4C25-A9FE-82F166CB8A2B}
	EndGlobalSection
EndGlobal
